{
  "version": 1,
  "dependencies": {
    "net9.0": {
      "BepInEx.AssemblyPublicizer.MSBuild": {
        "type": "Direct",
        "requested": "[0.4.2, )",
        "resolved": "0.4.2",
        "contentHash": "AwGR6zOQxhWPWmcMdmhCaawC2qYdYHttkGmlXxyvhB1EIUAtuILEle8kKSkzElnbFGZjvw6iabpFi+AYUG4IuA=="
      },
      "Meziantou.Analyzer": {
        "type": "Direct",
        "requested": "[2.0.199, )",
        "resolved": "2.0.199",
        "contentHash": "y8oRrTLDBw1b10pWci/PnFoahdIMflNSlVheL9kzUylAASnoJPFyvuyaNXcrbOTNOEk1aMLFRr1mSX/xvYR15g=="
      },
      "PolySharp": {
        "type": "Direct",
        "requested": "[1.15.0, )",
        "resolved": "1.15.0",
        "contentHash": "FbU0El+EEjdpuIX4iDbeS7ki1uzpJPx8vbqOzEtqnl1GZeAGJfq+jCbxeJL2y0EPnUNk8dRnnqR2xnYXg9Tf+g=="
      },
      "StyleCop.Analyzers": {
        "type": "Direct",
        "requested": "[1.2.0-beta.556, )",
        "resolved": "1.2.0-beta.556",
        "contentHash": "llRPgmA1fhC0I0QyFLEcjvtM2239QzKr/tcnbsjArLMJxJlu0AA5G7Fft0OI30pHF3MW63Gf4aSSsjc5m82J1Q==",
        "dependencies": {
          "StyleCop.Analyzers.Unstable": "1.2.0.556"
        }
      },
      "StyleCop.Analyzers.Unstable": {
        "type": "Transitive",
        "resolved": "1.2.0.556",
        "contentHash": "zvn9Mqs/ox/83cpYPignI8hJEM2A93s2HkHs8HYMOAQW0PkampyoErAiIyKxgTLqbbad29HX/shv/6LGSjPJNQ=="
      }
    }
  }
}